// !$*UTF8*$!
{
	archiveVersion = 1;
	classes = {
	};
	objectVersion = 46;
	objects = {

/* Begin PBXBuildFile section */
		33F2D5D333DBD8A83E89D75F /* Pods_Abstract_Froxii.framework in Frameworks */ = {isa = PBXBuildFile; fileRef = 69B168B7912AE83BF6318518 /* Pods_Abstract_Froxii.framework */; };
		6E2C52F69FA4DC2FF1505A4F /* Pods_Abstract_FroxiiUITests.framework in Frameworks */ = {isa = PBXBuildFile; fileRef = 036D6F2125AD0F01C8D816A1 /* Pods_Abstract_FroxiiUITests.framework */; };
		9DCA1819B215A01741DF0D29 /* Pods_Abstract_FroxiiTests.framework in Frameworks */ = {isa = PBXBuildFile; fileRef = E1964474572B3A80626806C6 /* Pods_Abstract_FroxiiTests.framework */; };
		A409C0391E76E16A00E70CB5 /* AppDelegate.swift in Sources */ = {isa = PBXBuildFile; fileRef = A409C0381E76E16A00E70CB5 /* AppDelegate.swift */; };
		A409C03B1E76E16A00E70CB5 /* FRMapViewController.swift in Sources */ = {isa = PBXBuildFile; fileRef = A409C03A1E76E16A00E70CB5 /* FRMapViewController.swift */; };
		A409C03E1E76E16A00E70CB5 /* Main.storyboard in Resources */ = {isa = PBXBuildFile; fileRef = A409C03C1E76E16A00E70CB5 /* Main.storyboard */; };
		A409C0401E76E16A00E70CB5 /* Assets.xcassets in Resources */ = {isa = PBXBuildFile; fileRef = A409C03F1E76E16A00E70CB5 /* Assets.xcassets */; };
		A409C0431E76E16A00E70CB5 /* LaunchScreen.storyboard in Resources */ = {isa = PBXBuildFile; fileRef = A409C0411E76E16A00E70CB5 /* LaunchScreen.storyboard */; };
		A409C04E1E76E16A00E70CB5 /* FroxiiTests.swift in Sources */ = {isa = PBXBuildFile; fileRef = A409C04D1E76E16A00E70CB5 /* FroxiiTests.swift */; };
		A409C0591E76E16A00E70CB5 /* FroxiiUITests.swift in Sources */ = {isa = PBXBuildFile; fileRef = A409C0581E76E16A00E70CB5 /* FroxiiUITests.swift */; };
		A409C0691E76E3F500E70CB5 /* Friend.swift in Sources */ = {isa = PBXBuildFile; fileRef = A409C0681E76E3F500E70CB5 /* Friend.swift */; };
		A409C06B1E76EB7B00E70CB5 /* FriendAnnotation.swift in Sources */ = {isa = PBXBuildFile; fileRef = A409C06A1E76EB7B00E70CB5 /* FriendAnnotation.swift */; };
		A466AE921E798A37006E05A6 /* DismissAnimator.swift in Sources */ = {isa = PBXBuildFile; fileRef = A466AE911E798A37006E05A6 /* DismissAnimator.swift */; };
		A4822EC21E782B7800103442 /* FriendAnnotationView.swift in Sources */ = {isa = PBXBuildFile; fileRef = A4822EC11E782B7800103442 /* FriendAnnotationView.swift */; };
		A4822EC51E782FF200103442 /* Extensions.swift in Sources */ = {isa = PBXBuildFile; fileRef = A4822EC41E782FF200103442 /* Extensions.swift */; };
		A4822EC71E783AC700103442 /* FRMainViewController.swift in Sources */ = {isa = PBXBuildFile; fileRef = A4822EC61E783AC700103442 /* FRMainViewController.swift */; };
		A4822ECA1E783F1D00103442 /* FRFriendsViewController.swift in Sources */ = {isa = PBXBuildFile; fileRef = A4822EC91E783F1D00103442 /* FRFriendsViewController.swift */; };
		A4822ECC1E78402900103442 /* FRContainerViewController.swift in Sources */ = {isa = PBXBuildFile; fileRef = A4822ECB1E78402900103442 /* FRContainerViewController.swift */; };
		A4822ECF1E784AF000103442 /* FriendCell.swift in Sources */ = {isa = PBXBuildFile; fileRef = A4822ECE1E784AF000103442 /* FriendCell.swift */; };
		A4822ED11E78510200103442 /* jobs.jpg in Resources */ = {isa = PBXBuildFile; fileRef = A4822ED01E78510200103442 /* jobs.jpg */; };
		A4822ED41E78585A00103442 /* FriendSearchSegmentedControl.swift in Sources */ = {isa = PBXBuildFile; fileRef = A4822ED31E78585A00103442 /* FriendSearchSegmentedControl.swift */; };
		A4839EAE1E79705A00BB41BC /* FRProfileViewController.swift in Sources */ = {isa = PBXBuildFile; fileRef = A4839EAD1E79705A00BB41BC /* FRProfileViewController.swift */; };
		A48B8FD51E79E3B60049DB32 /* icon.tiff in Resources */ = {isa = PBXBuildFile; fileRef = A48B8FD41E79E3B60049DB32 /* icon.tiff */; };
		A48B8FD71E79EF920049DB32 /* FriendSearchSegmentedControl.xib in Resources */ = {isa = PBXBuildFile; fileRef = A48B8FD61E79EF920049DB32 /* FriendSearchSegmentedControl.xib */; };
		A48B8FD91E7A03CF0049DB32 /* FRInviteViewController.swift in Sources */ = {isa = PBXBuildFile; fileRef = A48B8FD81E7A03CF0049DB32 /* FRInviteViewController.swift */; };
		A497F2681E7A9A81008E5254 /* FRScrollbar.swift in Sources */ = {isa = PBXBuildFile; fileRef = A497F2671E7A9A81008E5254 /* FRScrollbar.swift */; };
		A497F26B1E7A9E0D008E5254 /* InviteActionsView.swift in Sources */ = {isa = PBXBuildFile; fileRef = A497F26A1E7A9E0D008E5254 /* InviteActionsView.swift */; };
		A497F26D1E7A9E1C008E5254 /* InviteActionsView.xib in Resources */ = {isa = PBXBuildFile; fileRef = A497F26C1E7A9E1C008E5254 /* InviteActionsView.xib */; };
		A4FB6A071E79DC9200164A9E /* FriendAnnotationView.xib in Resources */ = {isa = PBXBuildFile; fileRef = A4FB6A061E79DC9200164A9E /* FriendAnnotationView.xib */; };
/* End PBXBuildFile section */

/* Begin PBXContainerItemProxy section */
		A409C04A1E76E16A00E70CB5 /* PBXContainerItemProxy */ = {
			isa = PBXContainerItemProxy;
			containerPortal = A409C02D1E76E16A00E70CB5 /* Project object */;
			proxyType = 1;
			remoteGlobalIDString = A409C0341E76E16A00E70CB5;
			remoteInfo = Froxii;
		};
		A409C0551E76E16A00E70CB5 /* PBXContainerItemProxy */ = {
			isa = PBXContainerItemProxy;
			containerPortal = A409C02D1E76E16A00E70CB5 /* Project object */;
			proxyType = 1;
			remoteGlobalIDString = A409C0341E76E16A00E70CB5;
			remoteInfo = Froxii;
		};
/* End PBXContainerItemProxy section */

/* Begin PBXFileReference section */
		036D6F2125AD0F01C8D816A1 /* Pods_Abstract_FroxiiUITests.framework */ = {isa = PBXFileReference; explicitFileType = wrapper.framework; includeInIndex = 0; path = Pods_Abstract_FroxiiUITests.framework; sourceTree = BUILT_PRODUCTS_DIR; };
		0B545422EAD9E90A2BFE6EF8 /* Pods-Abstract-Froxii.debug.xcconfig */ = {isa = PBXFileReference; includeInIndex = 1; lastKnownFileType = text.xcconfig; name = "Pods-Abstract-Froxii.debug.xcconfig"; path = "Pods/Target Support Files/Pods-Abstract-Froxii/Pods-Abstract-Froxii.debug.xcconfig"; sourceTree = "<group>"; };
		69B168B7912AE83BF6318518 /* Pods_Abstract_Froxii.framework */ = {isa = PBXFileReference; explicitFileType = wrapper.framework; includeInIndex = 0; path = Pods_Abstract_Froxii.framework; sourceTree = BUILT_PRODUCTS_DIR; };
		7D0D19305AC55DA7CC029115 /* Pods-Abstract-FroxiiTests.release.xcconfig */ = {isa = PBXFileReference; includeInIndex = 1; lastKnownFileType = text.xcconfig; name = "Pods-Abstract-FroxiiTests.release.xcconfig"; path = "Pods/Target Support Files/Pods-Abstract-FroxiiTests/Pods-Abstract-FroxiiTests.release.xcconfig"; sourceTree = "<group>"; };
		893F23590D4006057C21DC37 /* Pods-Abstract-FroxiiTests.debug.xcconfig */ = {isa = PBXFileReference; includeInIndex = 1; lastKnownFileType = text.xcconfig; name = "Pods-Abstract-FroxiiTests.debug.xcconfig"; path = "Pods/Target Support Files/Pods-Abstract-FroxiiTests/Pods-Abstract-FroxiiTests.debug.xcconfig"; sourceTree = "<group>"; };
		8F5DB9208F37AE8745E7C4A3 /* Pods-Abstract-Froxii.release.xcconfig */ = {isa = PBXFileReference; includeInIndex = 1; lastKnownFileType = text.xcconfig; name = "Pods-Abstract-Froxii.release.xcconfig"; path = "Pods/Target Support Files/Pods-Abstract-Froxii/Pods-Abstract-Froxii.release.xcconfig"; sourceTree = "<group>"; };
		99C66E8115D36BB49F1B9CE8 /* Pods-Abstract-FroxiiUITests.debug.xcconfig */ = {isa = PBXFileReference; includeInIndex = 1; lastKnownFileType = text.xcconfig; name = "Pods-Abstract-FroxiiUITests.debug.xcconfig"; path = "Pods/Target Support Files/Pods-Abstract-FroxiiUITests/Pods-Abstract-FroxiiUITests.debug.xcconfig"; sourceTree = "<group>"; };
		A409C0351E76E16A00E70CB5 /* Froxii.app */ = {isa = PBXFileReference; explicitFileType = wrapper.application; includeInIndex = 0; path = Froxii.app; sourceTree = BUILT_PRODUCTS_DIR; };
		A409C0381E76E16A00E70CB5 /* AppDelegate.swift */ = {isa = PBXFileReference; lastKnownFileType = sourcecode.swift; path = AppDelegate.swift; sourceTree = "<group>"; };
		A409C03A1E76E16A00E70CB5 /* FRMapViewController.swift */ = {isa = PBXFileReference; lastKnownFileType = sourcecode.swift; path = FRMapViewController.swift; sourceTree = "<group>"; };
		A409C03D1E76E16A00E70CB5 /* Base */ = {isa = PBXFileReference; lastKnownFileType = file.storyboard; name = Base; path = Base.lproj/Main.storyboard; sourceTree = "<group>"; };
		A409C03F1E76E16A00E70CB5 /* Assets.xcassets */ = {isa = PBXFileReference; lastKnownFileType = folder.assetcatalog; path = Assets.xcassets; sourceTree = "<group>"; };
		A409C0421E76E16A00E70CB5 /* Base */ = {isa = PBXFileReference; lastKnownFileType = file.storyboard; name = Base; path = Base.lproj/LaunchScreen.storyboard; sourceTree = "<group>"; };
		A409C0441E76E16A00E70CB5 /* Info.plist */ = {isa = PBXFileReference; lastKnownFileType = text.plist.xml; path = Info.plist; sourceTree = "<group>"; };
		A409C0491E76E16A00E70CB5 /* FroxiiTests.xctest */ = {isa = PBXFileReference; explicitFileType = wrapper.cfbundle; includeInIndex = 0; path = FroxiiTests.xctest; sourceTree = BUILT_PRODUCTS_DIR; };
		A409C04D1E76E16A00E70CB5 /* FroxiiTests.swift */ = {isa = PBXFileReference; lastKnownFileType = sourcecode.swift; path = FroxiiTests.swift; sourceTree = "<group>"; };
		A409C04F1E76E16A00E70CB5 /* Info.plist */ = {isa = PBXFileReference; lastKnownFileType = text.plist.xml; path = Info.plist; sourceTree = "<group>"; };
		A409C0541E76E16A00E70CB5 /* FroxiiUITests.xctest */ = {isa = PBXFileReference; explicitFileType = wrapper.cfbundle; includeInIndex = 0; path = FroxiiUITests.xctest; sourceTree = BUILT_PRODUCTS_DIR; };
		A409C0581E76E16A00E70CB5 /* FroxiiUITests.swift */ = {isa = PBXFileReference; lastKnownFileType = sourcecode.swift; path = FroxiiUITests.swift; sourceTree = "<group>"; };
		A409C05A1E76E16A00E70CB5 /* Info.plist */ = {isa = PBXFileReference; lastKnownFileType = text.plist.xml; path = Info.plist; sourceTree = "<group>"; };
		A409C0681E76E3F500E70CB5 /* Friend.swift */ = {isa = PBXFileReference; fileEncoding = 4; lastKnownFileType = sourcecode.swift; path = Friend.swift; sourceTree = "<group>"; };
		A409C06A1E76EB7B00E70CB5 /* FriendAnnotation.swift */ = {isa = PBXFileReference; fileEncoding = 4; lastKnownFileType = sourcecode.swift; path = FriendAnnotation.swift; sourceTree = "<group>"; };
		A466AE911E798A37006E05A6 /* DismissAnimator.swift */ = {isa = PBXFileReference; fileEncoding = 4; lastKnownFileType = sourcecode.swift; path = DismissAnimator.swift; sourceTree = "<group>"; };
		A4822EC11E782B7800103442 /* FriendAnnotationView.swift */ = {isa = PBXFileReference; fileEncoding = 4; lastKnownFileType = sourcecode.swift; path = FriendAnnotationView.swift; sourceTree = "<group>"; };
		A4822EC41E782FF200103442 /* Extensions.swift */ = {isa = PBXFileReference; fileEncoding = 4; lastKnownFileType = sourcecode.swift; path = Extensions.swift; sourceTree = "<group>"; };
		A4822EC61E783AC700103442 /* FRMainViewController.swift */ = {isa = PBXFileReference; fileEncoding = 4; lastKnownFileType = sourcecode.swift; path = FRMainViewController.swift; sourceTree = "<group>"; };
		A4822EC91E783F1D00103442 /* FRFriendsViewController.swift */ = {isa = PBXFileReference; fileEncoding = 4; lastKnownFileType = sourcecode.swift; path = FRFriendsViewController.swift; sourceTree = "<group>"; };
		A4822ECB1E78402900103442 /* FRContainerViewController.swift */ = {isa = PBXFileReference; fileEncoding = 4; lastKnownFileType = sourcecode.swift; path = FRContainerViewController.swift; sourceTree = "<group>"; };
		A4822ECE1E784AF000103442 /* FriendCell.swift */ = {isa = PBXFileReference; fileEncoding = 4; lastKnownFileType = sourcecode.swift; path = FriendCell.swift; sourceTree = "<group>"; };
		A4822ED01E78510200103442 /* jobs.jpg */ = {isa = PBXFileReference; lastKnownFileType = image.jpeg; path = jobs.jpg; sourceTree = "<group>"; };
		A4822ED31E78585A00103442 /* FriendSearchSegmentedControl.swift */ = {isa = PBXFileReference; fileEncoding = 4; lastKnownFileType = sourcecode.swift; path = FriendSearchSegmentedControl.swift; sourceTree = "<group>"; };
		A4839EAD1E79705A00BB41BC /* FRProfileViewController.swift */ = {isa = PBXFileReference; fileEncoding = 4; lastKnownFileType = sourcecode.swift; path = FRProfileViewController.swift; sourceTree = "<group>"; };
		A48B8FD41E79E3B60049DB32 /* icon.tiff */ = {isa = PBXFileReference; lastKnownFileType = image.tiff; path = icon.tiff; sourceTree = "<group>"; };
		A48B8FD61E79EF920049DB32 /* FriendSearchSegmentedControl.xib */ = {isa = PBXFileReference; fileEncoding = 4; lastKnownFileType = file.xib; path = FriendSearchSegmentedControl.xib; sourceTree = "<group>"; };
		A48B8FD81E7A03CF0049DB32 /* FRInviteViewController.swift */ = {isa = PBXFileReference; fileEncoding = 4; lastKnownFileType = sourcecode.swift; path = FRInviteViewController.swift; sourceTree = "<group>"; };
		A497F2671E7A9A81008E5254 /* FRScrollbar.swift */ = {isa = PBXFileReference; fileEncoding = 4; lastKnownFileType = sourcecode.swift; path = FRScrollbar.swift; sourceTree = "<group>"; };
		A497F26A1E7A9E0D008E5254 /* InviteActionsView.swift */ = {isa = PBXFileReference; fileEncoding = 4; lastKnownFileType = sourcecode.swift; path = InviteActionsView.swift; sourceTree = "<group>"; };
		A497F26C1E7A9E1C008E5254 /* InviteActionsView.xib */ = {isa = PBXFileReference; fileEncoding = 4; lastKnownFileType = file.xib; path = InviteActionsView.xib; sourceTree = "<group>"; };
		A4FB6A061E79DC9200164A9E /* FriendAnnotationView.xib */ = {isa = PBXFileReference; fileEncoding = 4; lastKnownFileType = file.xib; path = FriendAnnotationView.xib; sourceTree = "<group>"; };
		A85BE16BB80298717C2A3125 /* Pods-Abstract-FroxiiUITests.release.xcconfig */ = {isa = PBXFileReference; includeInIndex = 1; lastKnownFileType = text.xcconfig; name = "Pods-Abstract-FroxiiUITests.release.xcconfig"; path = "Pods/Target Support Files/Pods-Abstract-FroxiiUITests/Pods-Abstract-FroxiiUITests.release.xcconfig"; sourceTree = "<group>"; };
		E1964474572B3A80626806C6 /* Pods_Abstract_FroxiiTests.framework */ = {isa = PBXFileReference; explicitFileType = wrapper.framework; includeInIndex = 0; path = Pods_Abstract_FroxiiTests.framework; sourceTree = BUILT_PRODUCTS_DIR; };
/* End PBXFileReference section */

/* Begin PBXFrameworksBuildPhase section */
		A409C0321E76E16A00E70CB5 /* Frameworks */ = {
			isa = PBXFrameworksBuildPhase;
			buildActionMask = 2147483647;
			files = (
				33F2D5D333DBD8A83E89D75F /* Pods_Abstract_Froxii.framework in Frameworks */,
			);
			runOnlyForDeploymentPostprocessing = 0;
		};
		A409C0461E76E16A00E70CB5 /* Frameworks */ = {
			isa = PBXFrameworksBuildPhase;
			buildActionMask = 2147483647;
			files = (
				9DCA1819B215A01741DF0D29 /* Pods_Abstract_FroxiiTests.framework in Frameworks */,
			);
			runOnlyForDeploymentPostprocessing = 0;
		};
		A409C0511E76E16A00E70CB5 /* Frameworks */ = {
			isa = PBXFrameworksBuildPhase;
			buildActionMask = 2147483647;
			files = (
				6E2C52F69FA4DC2FF1505A4F /* Pods_Abstract_FroxiiUITests.framework in Frameworks */,
			);
			runOnlyForDeploymentPostprocessing = 0;
		};
/* End PBXFrameworksBuildPhase section */

/* Begin PBXGroup section */
		08719AACC53A37CE2E7EC42C /* Pods */ = {
			isa = PBXGroup;
			children = (
				0B545422EAD9E90A2BFE6EF8 /* Pods-Abstract-Froxii.debug.xcconfig */,
				8F5DB9208F37AE8745E7C4A3 /* Pods-Abstract-Froxii.release.xcconfig */,
				893F23590D4006057C21DC37 /* Pods-Abstract-FroxiiTests.debug.xcconfig */,
				7D0D19305AC55DA7CC029115 /* Pods-Abstract-FroxiiTests.release.xcconfig */,
				99C66E8115D36BB49F1B9CE8 /* Pods-Abstract-FroxiiUITests.debug.xcconfig */,
				A85BE16BB80298717C2A3125 /* Pods-Abstract-FroxiiUITests.release.xcconfig */,
			);
			name = Pods;
			sourceTree = "<group>";
		};
		A409C02C1E76E16A00E70CB5 = {
			isa = PBXGroup;
			children = (
				A409C0371E76E16A00E70CB5 /* Froxii */,
				A409C04C1E76E16A00E70CB5 /* FroxiiTests */,
				A409C0571E76E16A00E70CB5 /* FroxiiUITests */,
				A409C0361E76E16A00E70CB5 /* Products */,
				08719AACC53A37CE2E7EC42C /* Pods */,
				DACB6DFA0CD2BC22BB80E482 /* Frameworks */,
			);
			sourceTree = "<group>";
		};
		A409C0361E76E16A00E70CB5 /* Products */ = {
			isa = PBXGroup;
			children = (
				A409C0351E76E16A00E70CB5 /* Froxii.app */,
				A409C0491E76E16A00E70CB5 /* FroxiiTests.xctest */,
				A409C0541E76E16A00E70CB5 /* FroxiiUITests.xctest */,
			);
			name = Products;
			sourceTree = "<group>";
		};
		A409C0371E76E16A00E70CB5 /* Froxii */ = {
			isa = PBXGroup;
			children = (
				A48B8FD41E79E3B60049DB32 /* icon.tiff */,
				A4822ED01E78510200103442 /* jobs.jpg */,
				A4822EC81E783EFD00103442 /* Controllers */,
				A4822EC31E782FE600103442 /* Helpers */,
				A409C0671E76E3E700E70CB5 /* Models */,
				A409C0661E76E27400E70CB5 /* Views */,
				A409C0381E76E16A00E70CB5 /* AppDelegate.swift */,
				A409C03C1E76E16A00E70CB5 /* Main.storyboard */,
				A409C03F1E76E16A00E70CB5 /* Assets.xcassets */,
				A409C0411E76E16A00E70CB5 /* LaunchScreen.storyboard */,
				A409C0441E76E16A00E70CB5 /* Info.plist */,
				A409C06A1E76EB7B00E70CB5 /* FriendAnnotation.swift */,
			);
			path = Froxii;
			sourceTree = "<group>";
		};
		A409C04C1E76E16A00E70CB5 /* FroxiiTests */ = {
			isa = PBXGroup;
			children = (
				A409C04D1E76E16A00E70CB5 /* FroxiiTests.swift */,
				A409C04F1E76E16A00E70CB5 /* Info.plist */,
			);
			path = FroxiiTests;
			sourceTree = "<group>";
		};
		A409C0571E76E16A00E70CB5 /* FroxiiUITests */ = {
			isa = PBXGroup;
			children = (
				A409C0581E76E16A00E70CB5 /* FroxiiUITests.swift */,
				A409C05A1E76E16A00E70CB5 /* Info.plist */,
			);
			path = FroxiiUITests;
			sourceTree = "<group>";
		};
		A409C0661E76E27400E70CB5 /* Views */ = {
			isa = PBXGroup;
			children = (
				A4822ED21E78583600103442 /* Map view */,
				A4822ECD1E784AD500103442 /* Collection view cells */,
				A497F2691E7A9DEB008E5254 /* FriendSearchSegmentedControl */,
				A497F26E1E7A9E20008E5254 /* InviteActionsView */,
				A466AE911E798A37006E05A6 /* DismissAnimator.swift */,
				A497F2671E7A9A81008E5254 /* FRScrollbar.swift */,
			);
			name = Views;
			sourceTree = "<group>";
		};
		A409C0671E76E3E700E70CB5 /* Models */ = {
			isa = PBXGroup;
			children = (
				A409C0681E76E3F500E70CB5 /* Friend.swift */,
			);
			name = Models;
			sourceTree = "<group>";
		};
		A4822EC31E782FE600103442 /* Helpers */ = {
			isa = PBXGroup;
			children = (
				A4822EC41E782FF200103442 /* Extensions.swift */,
			);
			name = Helpers;
			sourceTree = "<group>";
		};
		A4822EC81E783EFD00103442 /* Controllers */ = {
			isa = PBXGroup;
			children = (
				A4822EC61E783AC700103442 /* FRMainViewController.swift */,
				A409C03A1E76E16A00E70CB5 /* FRMapViewController.swift */,
				A4822EC91E783F1D00103442 /* FRFriendsViewController.swift */,
				A4822ECB1E78402900103442 /* FRContainerViewController.swift */,
				A4839EAD1E79705A00BB41BC /* FRProfileViewController.swift */,
				A48B8FD81E7A03CF0049DB32 /* FRInviteViewController.swift */,
			);
			name = Controllers;
			sourceTree = "<group>";
		};
		A4822ECD1E784AD500103442 /* Collection view cells */ = {
			isa = PBXGroup;
			children = (
				A4822ECE1E784AF000103442 /* FriendCell.swift */,
			);
			name = "Collection view cells";
			sourceTree = "<group>";
		};
		A4822ED21E78583600103442 /* Map view */ = {
			isa = PBXGroup;
			children = (
				A4822EC11E782B7800103442 /* FriendAnnotationView.swift */,
				A4FB6A061E79DC9200164A9E /* FriendAnnotationView.xib */,
			);
			name = "Map view";
			sourceTree = "<group>";
		};
		A497F2691E7A9DEB008E5254 /* FriendSearchSegmentedControl */ = {
			isa = PBXGroup;
			children = (
				A4822ED31E78585A00103442 /* FriendSearchSegmentedControl.swift */,
				A48B8FD61E79EF920049DB32 /* FriendSearchSegmentedControl.xib */,
			);
			name = FriendSearchSegmentedControl;
			sourceTree = "<group>";
		};
		A497F26E1E7A9E20008E5254 /* InviteActionsView */ = {
			isa = PBXGroup;
			children = (
				A497F26A1E7A9E0D008E5254 /* InviteActionsView.swift */,
				A497F26C1E7A9E1C008E5254 /* InviteActionsView.xib */,
			);
			name = InviteActionsView;
			sourceTree = "<group>";
		};
		DACB6DFA0CD2BC22BB80E482 /* Frameworks */ = {
			isa = PBXGroup;
			children = (
				69B168B7912AE83BF6318518 /* Pods_Abstract_Froxii.framework */,
				E1964474572B3A80626806C6 /* Pods_Abstract_FroxiiTests.framework */,
				036D6F2125AD0F01C8D816A1 /* Pods_Abstract_FroxiiUITests.framework */,
			);
			name = Frameworks;
			sourceTree = "<group>";
		};
/* End PBXGroup section */

/* Begin PBXNativeTarget section */
		A409C0341E76E16A00E70CB5 /* Froxii */ = {
			isa = PBXNativeTarget;
			buildConfigurationList = A409C05D1E76E16A00E70CB5 /* Build configuration list for PBXNativeTarget "Froxii" */;
			buildPhases = (
				90EB1A4F03B36825951A8451 /* [CP] Check Pods Manifest.lock */,
				A409C0311E76E16A00E70CB5 /* Sources */,
				A409C0321E76E16A00E70CB5 /* Frameworks */,
				A409C0331E76E16A00E70CB5 /* Resources */,
				7881B8ABB4CCE0DC63932753 /* [CP] Embed Pods Frameworks */,
				A296E220B8F666F5B26866C8 /* [CP] Copy Pods Resources */,
			);
			buildRules = (
			);
			dependencies = (
			);
			name = Froxii;
			productName = Froxii;
			productReference = A409C0351E76E16A00E70CB5 /* Froxii.app */;
			productType = "com.apple.product-type.application";
		};
		A409C0481E76E16A00E70CB5 /* FroxiiTests */ = {
			isa = PBXNativeTarget;
			buildConfigurationList = A409C0601E76E16A00E70CB5 /* Build configuration list for PBXNativeTarget "FroxiiTests" */;
			buildPhases = (
				7B226953E382A53A107DC6B6 /* [CP] Check Pods Manifest.lock */,
				A409C0451E76E16A00E70CB5 /* Sources */,
				A409C0461E76E16A00E70CB5 /* Frameworks */,
				A409C0471E76E16A00E70CB5 /* Resources */,
				3424BCBD7236C8045B63C5E3 /* [CP] Embed Pods Frameworks */,
				A9B166FE24D8D1FBC1AA8588 /* [CP] Copy Pods Resources */,
			);
			buildRules = (
			);
			dependencies = (
				A409C04B1E76E16A00E70CB5 /* PBXTargetDependency */,
			);
			name = FroxiiTests;
			productName = FroxiiTests;
			productReference = A409C0491E76E16A00E70CB5 /* FroxiiTests.xctest */;
			productType = "com.apple.product-type.bundle.unit-test";
		};
		A409C0531E76E16A00E70CB5 /* FroxiiUITests */ = {
			isa = PBXNativeTarget;
			buildConfigurationList = A409C0631E76E16A00E70CB5 /* Build configuration list for PBXNativeTarget "FroxiiUITests" */;
			buildPhases = (
				16098992C732ED20CD296F10 /* [CP] Check Pods Manifest.lock */,
				A409C0501E76E16A00E70CB5 /* Sources */,
				A409C0511E76E16A00E70CB5 /* Frameworks */,
				A409C0521E76E16A00E70CB5 /* Resources */,
				ED0BD23479CB1F0D066A66E5 /* [CP] Embed Pods Frameworks */,
				88645608974CDA3A6F23F9E3 /* [CP] Copy Pods Resources */,
			);
			buildRules = (
			);
			dependencies = (
				A409C0561E76E16A00E70CB5 /* PBXTargetDependency */,
			);
			name = FroxiiUITests;
			productName = FroxiiUITests;
			productReference = A409C0541E76E16A00E70CB5 /* FroxiiUITests.xctest */;
			productType = "com.apple.product-type.bundle.ui-testing";
		};
/* End PBXNativeTarget section */

/* Begin PBXProject section */
		A409C02D1E76E16A00E70CB5 /* Project object */ = {
			isa = PBXProject;
			attributes = {
				LastSwiftUpdateCheck = 0820;
				LastUpgradeCheck = 0820;
				ORGANIZATIONNAME = "Aynur Galiev";
				TargetAttributes = {
					A409C0341E76E16A00E70CB5 = {
						CreatedOnToolsVersion = 8.2.1;
						DevelopmentTeam = 3EZN9G7JS8;
						ProvisioningStyle = Automatic;
					};
					A409C0481E76E16A00E70CB5 = {
						CreatedOnToolsVersion = 8.2.1;
						ProvisioningStyle = Automatic;
						TestTargetID = A409C0341E76E16A00E70CB5;
					};
					A409C0531E76E16A00E70CB5 = {
						CreatedOnToolsVersion = 8.2.1;
						ProvisioningStyle = Automatic;
						TestTargetID = A409C0341E76E16A00E70CB5;
					};
				};
			};
			buildConfigurationList = A409C0301E76E16A00E70CB5 /* Build configuration list for PBXProject "Froxii" */;
			compatibilityVersion = "Xcode 3.2";
			developmentRegion = English;
			hasScannedForEncodings = 0;
			knownRegions = (
				en,
				Base,
			);
			mainGroup = A409C02C1E76E16A00E70CB5;
			productRefGroup = A409C0361E76E16A00E70CB5 /* Products */;
			projectDirPath = "";
			projectRoot = "";
			targets = (
				A409C0341E76E16A00E70CB5 /* Froxii */,
				A409C0481E76E16A00E70CB5 /* FroxiiTests */,
				A409C0531E76E16A00E70CB5 /* FroxiiUITests */,
			);
		};
/* End PBXProject section */

/* Begin PBXResourcesBuildPhase section */
		A409C0331E76E16A00E70CB5 /* Resources */ = {
			isa = PBXResourcesBuildPhase;
			buildActionMask = 2147483647;
			files = (
				A4822ED11E78510200103442 /* jobs.jpg in Resources */,
				A497F26D1E7A9E1C008E5254 /* InviteActionsView.xib in Resources */,
				A409C0431E76E16A00E70CB5 /* LaunchScreen.storyboard in Resources */,
				A409C0401E76E16A00E70CB5 /* Assets.xcassets in Resources */,
				A409C03E1E76E16A00E70CB5 /* Main.storyboard in Resources */,
				A4FB6A071E79DC9200164A9E /* FriendAnnotationView.xib in Resources */,
				A48B8FD71E79EF920049DB32 /* FriendSearchSegmentedControl.xib in Resources */,
				A48B8FD51E79E3B60049DB32 /* icon.tiff in Resources */,
			);
			runOnlyForDeploymentPostprocessing = 0;
		};
		A409C0471E76E16A00E70CB5 /* Resources */ = {
			isa = PBXResourcesBuildPhase;
			buildActionMask = 2147483647;
			files = (
			);
			runOnlyForDeploymentPostprocessing = 0;
		};
		A409C0521E76E16A00E70CB5 /* Resources */ = {
			isa = PBXResourcesBuildPhase;
			buildActionMask = 2147483647;
			files = (
			);
			runOnlyForDeploymentPostprocessing = 0;
		};
/* End PBXResourcesBuildPhase section */

/* Begin PBXShellScriptBuildPhase section */
		16098992C732ED20CD296F10 /* [CP] Check Pods Manifest.lock */ = {
			isa = PBXShellScriptBuildPhase;
			buildActionMask = 2147483647;
			files = (
			);
			inputPaths = (
			);
			name = "[CP] Check Pods Manifest.lock";
			outputPaths = (
			);
			runOnlyForDeploymentPostprocessing = 0;
			shellPath = /bin/sh;
			shellScript = "diff \"${PODS_ROOT}/../Podfile.lock\" \"${PODS_ROOT}/Manifest.lock\" > /dev/null\nif [ $? != 0 ] ; then\n    # print error to STDERR\n    echo \"error: The sandbox is not in sync with the Podfile.lock. Run 'pod install' or update your CocoaPods installation.\" >&2\n    exit 1\nfi\n";
			showEnvVarsInLog = 0;
		};
		3424BCBD7236C8045B63C5E3 /* [CP] Embed Pods Frameworks */ = {
			isa = PBXShellScriptBuildPhase;
			buildActionMask = 2147483647;
			files = (
			);
			inputPaths = (
			);
			name = "[CP] Embed Pods Frameworks";
			outputPaths = (
			);
			runOnlyForDeploymentPostprocessing = 0;
			shellPath = /bin/sh;
			shellScript = "\"${SRCROOT}/Pods/Target Support Files/Pods-Abstract-FroxiiTests/Pods-Abstract-FroxiiTests-frameworks.sh\"\n";
			showEnvVarsInLog = 0;
		};
		7881B8ABB4CCE0DC63932753 /* [CP] Embed Pods Frameworks */ = {
			isa = PBXShellScriptBuildPhase;
			buildActionMask = 2147483647;
			files = (
			);
			inputPaths = (
			);
			name = "[CP] Embed Pods Frameworks";
			outputPaths = (
			);
			runOnlyForDeploymentPostprocessing = 0;
			shellPath = /bin/sh;
			shellScript = "\"${SRCROOT}/Pods/Target Support Files/Pods-Abstract-Froxii/Pods-Abstract-Froxii-frameworks.sh\"\n";
			showEnvVarsInLog = 0;
		};
		7B226953E382A53A107DC6B6 /* [CP] Check Pods Manifest.lock */ = {
			isa = PBXShellScriptBuildPhase;
			buildActionMask = 2147483647;
			files = (
			);
			inputPaths = (
			);
			name = "[CP] Check Pods Manifest.lock";
			outputPaths = (
			);
			runOnlyForDeploymentPostprocessing = 0;
			shellPath = /bin/sh;
			shellScript = "diff \"${PODS_ROOT}/../Podfile.lock\" \"${PODS_ROOT}/Manifest.lock\" > /dev/null\nif [ $? != 0 ] ; then\n    # print error to STDERR\n    echo \"error: The sandbox is not in sync with the Podfile.lock. Run 'pod install' or update your CocoaPods installation.\" >&2\n    exit 1\nfi\n";
			showEnvVarsInLog = 0;
		};
		88645608974CDA3A6F23F9E3 /* [CP] Copy Pods Resources */ = {
			isa = PBXShellScriptBuildPhase;
			buildActionMask = 2147483647;
			files = (
			);
			inputPaths = (
			);
			name = "[CP] Copy Pods Resources";
			outputPaths = (
			);
			runOnlyForDeploymentPostprocessing = 0;
			shellPath = /bin/sh;
			shellScript = "\"${SRCROOT}/Pods/Target Support Files/Pods-Abstract-FroxiiUITests/Pods-Abstract-FroxiiUITests-resources.sh\"\n";
			showEnvVarsInLog = 0;
		};
		90EB1A4F03B36825951A8451 /* [CP] Check Pods Manifest.lock */ = {
			isa = PBXShellScriptBuildPhase;
			buildActionMask = 2147483647;
			files = (
			);
			inputPaths = (
			);
			name = "[CP] Check Pods Manifest.lock";
			outputPaths = (
			);
			runOnlyForDeploymentPostprocessing = 0;
			shellPath = /bin/sh;
			shellScript = "diff \"${PODS_ROOT}/../Podfile.lock\" \"${PODS_ROOT}/Manifest.lock\" > /dev/null\nif [ $? != 0 ] ; then\n    # print error to STDERR\n    echo \"error: The sandbox is not in sync with the Podfile.lock. Run 'pod install' or update your CocoaPods installation.\" >&2\n    exit 1\nfi\n";
			showEnvVarsInLog = 0;
		};
		A296E220B8F666F5B26866C8 /* [CP] Copy Pods Resources */ = {
			isa = PBXShellScriptBuildPhase;
			buildActionMask = 2147483647;
			files = (
			);
			inputPaths = (
			);
			name = "[CP] Copy Pods Resources";
			outputPaths = (
			);
			runOnlyForDeploymentPostprocessing = 0;
			shellPath = /bin/sh;
			shellScript = "\"${SRCROOT}/Pods/Target Support Files/Pods-Abstract-Froxii/Pods-Abstract-Froxii-resources.sh\"\n";
			showEnvVarsInLog = 0;
		};
		A9B166FE24D8D1FBC1AA8588 /* [CP] Copy Pods Resources */ = {
			isa = PBXShellScriptBuildPhase;
			buildActionMask = 2147483647;
			files = (
			);
			inputPaths = (
			);
			name = "[CP] Copy Pods Resources";
			outputPaths = (
			);
			runOnlyForDeploymentPostprocessing = 0;
			shellPath = /bin/sh;
			shellScript = "\"${SRCROOT}/Pods/Target Support Files/Pods-Abstract-FroxiiTests/Pods-Abstract-FroxiiTests-resources.sh\"\n";
			showEnvVarsInLog = 0;
		};
		ED0BD23479CB1F0D066A66E5 /* [CP] Embed Pods Frameworks */ = {
			isa = PBXShellScriptBuildPhase;
			buildActionMask = 2147483647;
			files = (
			);
			inputPaths = (
			);
			name = "[CP] Embed Pods Frameworks";
			outputPaths = (
			);
			runOnlyForDeploymentPostprocessing = 0;
			shellPath = /bin/sh;
			shellScript = "\"${SRCROOT}/Pods/Target Support Files/Pods-Abstract-FroxiiUITests/Pods-Abstract-FroxiiUITests-frameworks.sh\"\n";
			showEnvVarsInLog = 0;
		};
/* End PBXShellScriptBuildPhase section */

/* Begin PBXSourcesBuildPhase section */
		A409C0311E76E16A00E70CB5 /* Sources */ = {
			isa = PBXSourcesBuildPhase;
			buildActionMask = 2147483647;
			files = (
				A4822ECA1E783F1D00103442 /* FRFriendsViewController.swift in Sources */,
				A4822ECC1E78402900103442 /* FRContainerViewController.swift in Sources */,
				A497F26B1E7A9E0D008E5254 /* InviteActionsView.swift in Sources */,
				A409C06B1E76EB7B00E70CB5 /* FriendAnnotation.swift in Sources */,
				A4822EC51E782FF200103442 /* Extensions.swift in Sources */,
				A4839EAE1E79705A00BB41BC /* FRProfileViewController.swift in Sources */,
				A409C03B1E76E16A00E70CB5 /* FRMapViewController.swift in Sources */,
				A4822EC71E783AC700103442 /* FRMainViewController.swift in Sources */,
				A4822EC21E782B7800103442 /* FriendAnnotationView.swift in Sources */,
				A497F2681E7A9A81008E5254 /* FRScrollbar.swift in Sources */,
				A48B8FD91E7A03CF0049DB32 /* FRInviteViewController.swift in Sources */,
				A409C0691E76E3F500E70CB5 /* Friend.swift in Sources */,
				A4822ED41E78585A00103442 /* FriendSearchSegmentedControl.swift in Sources */,
				A409C0391E76E16A00E70CB5 /* AppDelegate.swift in Sources */,
				A4822ECF1E784AF000103442 /* FriendCell.swift in Sources */,
				A466AE921E798A37006E05A6 /* DismissAnimator.swift in Sources */,
			);
			runOnlyForDeploymentPostprocessing = 0;
		};
		A409C0451E76E16A00E70CB5 /* Sources */ = {
			isa = PBXSourcesBuildPhase;
			buildActionMask = 2147483647;
			files = (
				A409C04E1E76E16A00E70CB5 /* FroxiiTests.swift in Sources */,
			);
			runOnlyForDeploymentPostprocessing = 0;
		};
		A409C0501E76E16A00E70CB5 /* Sources */ = {
			isa = PBXSourcesBuildPhase;
			buildActionMask = 2147483647;
			files = (
				A409C0591E76E16A00E70CB5 /* FroxiiUITests.swift in Sources */,
			);
			runOnlyForDeploymentPostprocessing = 0;
		};
/* End PBXSourcesBuildPhase section */

/* Begin PBXTargetDependency section */
		A409C04B1E76E16A00E70CB5 /* PBXTargetDependency */ = {
			isa = PBXTargetDependency;
			target = A409C0341E76E16A00E70CB5 /* Froxii */;
			targetProxy = A409C04A1E76E16A00E70CB5 /* PBXContainerItemProxy */;
		};
		A409C0561E76E16A00E70CB5 /* PBXTargetDependency */ = {
			isa = PBXTargetDependency;
			target = A409C0341E76E16A00E70CB5 /* Froxii */;
			targetProxy = A409C0551E76E16A00E70CB5 /* PBXContainerItemProxy */;
		};
/* End PBXTargetDependency section */

/* Begin PBXVariantGroup section */
		A409C03C1E76E16A00E70CB5 /* Main.storyboard */ = {
			isa = PBXVariantGroup;
			children = (
				A409C03D1E76E16A00E70CB5 /* Base */,
			);
			name = Main.storyboard;
			sourceTree = "<group>";
		};
		A409C0411E76E16A00E70CB5 /* LaunchScreen.storyboard */ = {
			isa = PBXVariantGroup;
			children = (
				A409C0421E76E16A00E70CB5 /* Base */,
			);
			name = LaunchScreen.storyboard;
			sourceTree = "<group>";
		};
/* End PBXVariantGroup section */

/* Begin XCBuildConfiguration section */
		A409C05B1E76E16A00E70CB5 /* Debug */ = {
			isa = XCBuildConfiguration;
			buildSettings = {
				ALWAYS_SEARCH_USER_PATHS = NO;
				CLANG_ANALYZER_NONNULL = YES;
				CLANG_CXX_LANGUAGE_STANDARD = "gnu++0x";
				CLANG_CXX_LIBRARY = "libc++";
				CLANG_ENABLE_MODULES = YES;
				CLANG_ENABLE_OBJC_ARC = YES;
				CLANG_WARN_BOOL_CONVERSION = YES;
				CLANG_WARN_CONSTANT_CONVERSION = YES;
				CLANG_WARN_DIRECT_OBJC_ISA_USAGE = YES_ERROR;
				CLANG_WARN_DOCUMENTATION_COMMENTS = YES;
				CLANG_WARN_EMPTY_BODY = YES;
				CLANG_WARN_ENUM_CONVERSION = YES;
				CLANG_WARN_INFINITE_RECURSION = YES;
				CLANG_WARN_INT_CONVERSION = YES;
				CLANG_WARN_OBJC_ROOT_CLASS = YES_ERROR;
				CLANG_WARN_SUSPICIOUS_MOVE = YES;
				CLANG_WARN_UNREACHABLE_CODE = YES;
				CLANG_WARN__DUPLICATE_METHOD_MATCH = YES;
				"CODE_SIGN_IDENTITY[sdk=iphoneos*]" = "iPhone Developer";
				COPY_PHASE_STRIP = NO;
				DEBUG_INFORMATION_FORMAT = dwarf;
				ENABLE_STRICT_OBJC_MSGSEND = YES;
				ENABLE_TESTABILITY = YES;
				GCC_C_LANGUAGE_STANDARD = gnu99;
				GCC_DYNAMIC_NO_PIC = NO;
				GCC_NO_COMMON_BLOCKS = YES;
				GCC_OPTIMIZATION_LEVEL = 0;
				GCC_PREPROCESSOR_DEFINITIONS = (
					"DEBUG=1",
					"$(inherited)",
				);
				GCC_WARN_64_TO_32_BIT_CONVERSION = YES;
				GCC_WARN_ABOUT_RETURN_TYPE = YES_ERROR;
				GCC_WARN_UNDECLARED_SELECTOR = YES;
				GCC_WARN_UNINITIALIZED_AUTOS = YES_AGGRESSIVE;
				GCC_WARN_UNUSED_FUNCTION = YES;
				GCC_WARN_UNUSED_VARIABLE = YES;
				IPHONEOS_DEPLOYMENT_TARGET = 10.2;
				MTL_ENABLE_DEBUG_INFO = YES;
				ONLY_ACTIVE_ARCH = YES;
				SDKROOT = iphoneos;
				SWIFT_ACTIVE_COMPILATION_CONDITIONS = DEBUG;
				SWIFT_OPTIMIZATION_LEVEL = "-Onone";
				TARGETED_DEVICE_FAMILY = "1,2";
			};
			name = Debug;
		};
		A409C05C1E76E16A00E70CB5 /* Release */ = {
			isa = XCBuildConfiguration;
			buildSettings = {
				ALWAYS_SEARCH_USER_PATHS = NO;
				CLANG_ANALYZER_NONNULL = YES;
				CLANG_CXX_LANGUAGE_STANDARD = "gnu++0x";
				CLANG_CXX_LIBRARY = "libc++";
				CLANG_ENABLE_MODULES = YES;
				CLANG_ENABLE_OBJC_ARC = YES;
				CLANG_WARN_BOOL_CONVERSION = YES;
				CLANG_WARN_CONSTANT_CONVERSION = YES;
				CLANG_WARN_DIRECT_OBJC_ISA_USAGE = YES_ERROR;
				CLANG_WARN_DOCUMENTATION_COMMENTS = YES;
				CLANG_WARN_EMPTY_BODY = YES;
				CLANG_WARN_ENUM_CONVERSION = YES;
				CLANG_WARN_INFINITE_RECURSION = YES;
				CLANG_WARN_INT_CONVERSION = YES;
				CLANG_WARN_OBJC_ROOT_CLASS = YES_ERROR;
				CLANG_WARN_SUSPICIOUS_MOVE = YES;
				CLANG_WARN_UNREACHABLE_CODE = YES;
				CLANG_WARN__DUPLICATE_METHOD_MATCH = YES;
				"CODE_SIGN_IDENTITY[sdk=iphoneos*]" = "iPhone Developer";
				COPY_PHASE_STRIP = NO;
				DEBUG_INFORMATION_FORMAT = "dwarf-with-dsym";
				ENABLE_NS_ASSERTIONS = NO;
				ENABLE_STRICT_OBJC_MSGSEND = YES;
				GCC_C_LANGUAGE_STANDARD = gnu99;
				GCC_NO_COMMON_BLOCKS = YES;
				GCC_WARN_64_TO_32_BIT_CONVERSION = YES;
				GCC_WARN_ABOUT_RETURN_TYPE = YES_ERROR;
				GCC_WARN_UNDECLARED_SELECTOR = YES;
				GCC_WARN_UNINITIALIZED_AUTOS = YES_AGGRESSIVE;
				GCC_WARN_UNUSED_FUNCTION = YES;
				GCC_WARN_UNUSED_VARIABLE = YES;
				IPHONEOS_DEPLOYMENT_TARGET = 10.2;
				MTL_ENABLE_DEBUG_INFO = NO;
				SDKROOT = iphoneos;
				SWIFT_OPTIMIZATION_LEVEL = "-Owholemodule";
				TARGETED_DEVICE_FAMILY = "1,2";
				VALIDATE_PRODUCT = YES;
			};
			name = Release;
		};
		A409C05E1E76E16A00E70CB5 /* Debug */ = {
			isa = XCBuildConfiguration;
			baseConfigurationReference = 0B545422EAD9E90A2BFE6EF8 /* Pods-Abstract-Froxii.debug.xcconfig */;
			buildSettings = {
				ASSETCATALOG_COMPILER_APPICON_NAME = AppIcon;
				"CODE_SIGN_IDENTITY[sdk=iphoneos*]" = "iPhone Developer";
				DEVELOPMENT_TEAM = 3EZN9G7JS8;
				INFOPLIST_FILE = Froxii/Info.plist;
				IPHONEOS_DEPLOYMENT_TARGET = 9.0;
				LD_RUNPATH_SEARCH_PATHS = "$(inherited) @executable_path/Frameworks";
				PRODUCT_BUNDLE_IDENTIFIER = com.flatstack.Froxii;
				PRODUCT_NAME = "$(TARGET_NAME)";
				SWIFT_VERSION = 3.0;
				TARGETED_DEVICE_FAMILY = 1;
			};
			name = Debug;
		};
		A409C05F1E76E16A00E70CB5 /* Release */ = {
			isa = XCBuildConfiguration;
			baseConfigurationReference = 8F5DB9208F37AE8745E7C4A3 /* Pods-Abstract-Froxii.release.xcconfig */;
			buildSettings = {
				ASSETCATALOG_COMPILER_APPICON_NAME = AppIcon;
				"CODE_SIGN_IDENTITY[sdk=iphoneos*]" = "iPhone Developer";
				DEVELOPMENT_TEAM = 3EZN9G7JS8;
				INFOPLIST_FILE = Froxii/Info.plist;
				IPHONEOS_DEPLOYMENT_TARGET = 9.0;
				LD_RUNPATH_SEARCH_PATHS = "$(inherited) @executable_path/Frameworks";
				PRODUCT_BUNDLE_IDENTIFIER = com.flatstack.Froxii;
				PRODUCT_NAME = "$(TARGET_NAME)";
				SWIFT_VERSION = 3.0;
				TARGETED_DEVICE_FAMILY = 1;
			};
			name = Release;
		};
		A409C0611E76E16A00E70CB5 /* Debug */ = {
			isa = XCBuildConfiguration;
			baseConfigurationReference = 893F23590D4006057C21DC37 /* Pods-Abstract-FroxiiTests.debug.xcconfig */;
			buildSettings = {
				ALWAYS_EMBED_SWIFT_STANDARD_LIBRARIES = YES;
				BUNDLE_LOADER = "$(TEST_HOST)";
				INFOPLIST_FILE = FroxiiTests/Info.plist;
				LD_RUNPATH_SEARCH_PATHS = "$(inherited) @executable_path/Frameworks @loader_path/Frameworks";
				PRODUCT_BUNDLE_IDENTIFIER = fs.FroxiiTests;
				PRODUCT_NAME = "$(TARGET_NAME)";
				SWIFT_VERSION = 3.0;
				TEST_HOST = "$(BUILT_PRODUCTS_DIR)/Froxii.app/Froxii";
			};
			name = Debug;
		};
		A409C0621E76E16A00E70CB5 /* Release */ = {
			isa = XCBuildConfiguration;
			baseConfigurationReference = 7D0D19305AC55DA7CC029115 /* Pods-Abstract-FroxiiTests.release.xcconfig */;
			buildSettings = {
				ALWAYS_EMBED_SWIFT_STANDARD_LIBRARIES = YES;
				BUNDLE_LOADER = "$(TEST_HOST)";
				INFOPLIST_FILE = FroxiiTests/Info.plist;
				LD_RUNPATH_SEARCH_PATHS = "$(inherited) @executable_path/Frameworks @loader_path/Frameworks";
				PRODUCT_BUNDLE_IDENTIFIER = fs.FroxiiTests;
				PRODUCT_NAME = "$(TARGET_NAME)";
				SWIFT_VERSION = 3.0;
				TEST_HOST = "$(BUILT_PRODUCTS_DIR)/Froxii.app/Froxii";
			};
			name = Release;
		};
		A409C0641E76E16A00E70CB5 /* Debug */ = {
			isa = XCBuildConfiguration;
			baseConfigurationReference = 99C66E8115D36BB49F1B9CE8 /* Pods-Abstract-FroxiiUITests.debug.xcconfig */;
			buildSettings = {
				ALWAYS_EMBED_SWIFT_STANDARD_LIBRARIES = YES;
				INFOPLIST_FILE = FroxiiUITests/Info.plist;
				LD_RUNPATH_SEARCH_PATHS = "$(inherited) @executable_path/Frameworks @loader_path/Frameworks";
				PRODUCT_BUNDLE_IDENTIFIER = fs.FroxiiUITests;
				PRODUCT_NAME = "$(TARGET_NAME)";
				SWIFT_VERSION = 3.0;
				TEST_TARGET_NAME = Froxii;
			};
			name = Debug;
		};
		A409C0651E76E16A00E70CB5 /* Release */ = {
			isa = XCBuildConfiguration;
			baseConfigurationReference = A85BE16BB80298717C2A3125 /* Pods-Abstract-FroxiiUITests.release.xcconfig */;
			buildSettings = {
				ALWAYS_EMBED_SWIFT_STANDARD_LIBRARIES = YES;
				INFOPLIST_FILE = FroxiiUITests/Info.plist;
				LD_RUNPATH_SEARCH_PATHS = "$(inherited) @executable_path/Frameworks @loader_path/Frameworks";
				PRODUCT_BUNDLE_IDENTIFIER = fs.FroxiiUITests;
				PRODUCT_NAME = "$(TARGET_NAME)";
				SWIFT_VERSION = 3.0;
				TEST_TARGET_NAME = Froxii;
			};
			name = Release;
		};
/* End XCBuildConfiguration section */

/* Begin XCConfigurationList section */
		A409C0301E76E16A00E70CB5 /* Build configuration list for PBXProject "Froxii" */ = {
			isa = XCConfigurationList;
			buildConfigurations = (
				A409C05B1E76E16A00E70CB5 /* Debug */,
				A409C05C1E76E16A00E70CB5 /* Release */,
			);
			defaultConfigurationIsVisible = 0;
			defaultConfigurationName = Release;
		};
		A409C05D1E76E16A00E70CB5 /* Build configuration list for PBXNativeTarget "Froxii" */ = {
			isa = XCConfigurationList;
			buildConfigurations = (
				A409C05E1E76E16A00E70CB5 /* Debug */,
				A409C05F1E76E16A00E70CB5 /* Release */,
			);
			defaultConfigurationIsVisible = 0;
			defaultConfigurationName = Release;
		};
		A409C0601E76E16A00E70CB5 /* Build configuration list for PBXNativeTarget "FroxiiTests" */ = {
			isa = XCConfigurationList;
			buildConfigurations = (
				A409C0611E76E16A00E70CB5 /* Debug */,
				A409C0621E76E16A00E70CB5 /* Release */,
			);
			defaultConfigurationIsVisible = 0;
			defaultConfigurationName = Release;
		};
		A409C0631E76E16A00E70CB5 /* Build configuration list for PBXNativeTarget "FroxiiUITests" */ = {
			isa = XCConfigurationList;
			buildConfigurations = (
				A409C0641E76E16A00E70CB5 /* Debug */,
				A409C0651E76E16A00E70CB5 /* Release */,
			);
			defaultConfigurationIsVisible = 0;
			defaultConfigurationName = Release;
		};
/* End XCConfigurationList section */
	};
	rootObject = A409C02D1E76E16A00E70CB5 /* Project object */;
}
